
Microsoft Visual Studio Solution File, Format Version 12.00
# Visual Studio Version 17
VisualStudioVersion = 17.5.002.0
MinimumVisualStudioVersion = 10.0.40219.1
Project("{9A19103F-16F7-4668-BE54-9A1E7A4F7556}") = "cSharp", "cSharp.csproj", "{48BB8F05-E343-43AA-AAF0-6E5728C9CCD3}"
EndProject
Global
	GlobalSection(SolutionConfigurationPlatforms) = preSolution
		Debug|Any CPU = Debug|Any CPU
		Release|Any CPU = Release|Any CPU
	EndGlobalSection
	GlobalSection(ProjectConfigurationPlatforms) = postSolution
		{48BB8F05-E343-43AA-AAF0-6E5728C9CCD3}.Debug|Any CPU.ActiveCfg = Debug|Any CPU
		{48BB8F05-E343-43AA-AAF0-6E5728C9CCD3}.Debug|Any CPU.Build.0 = Debug|Any CPU
		{48BB8F05-E343-43AA-AAF0-6E5728C9CCD3}.Release|Any CPU.ActiveCfg = Release|Any CPU
		{48BB8F05-E343-43AA-AAF0-6E5728C9CCD3}.Release|Any CPU.Build.0 = Release|Any CPU
	EndGlobalSection
	GlobalSection(SolutionProperties) = preSolution
		HideSolutionNode = FALSE
	EndGlobalSection
	GlobalSection(ExtensibilityGlobals) = postSolution
		SolutionGuid = {13BAD8B1-18AE-4F35-882E-44FDC3527F7A}
	EndGlobalSection
EndGlobal
